
Microsoft Visual Studio Solution File, Format Version 12.00
# Visual Studio Version 17
VisualStudioVersion = 17.5.002.0
MinimumVisualStudioVersion = 10.0.40219.1
Project("{9A19103F-16F7-4668-BE54-9A1E7A4F7556}") = "super_powers_plugin", "super_powers_plugin.csproj", "{A07EDA19-BBD9-4C17-BB7B-EFE39936E415}"
EndProject
Global
	GlobalSection(SolutionConfigurationPlatforms) = preSolution
		Debug|Any CPU = Debug|Any CPU
		Release|Any CPU = Release|Any CPU
	EndGlobalSection
	GlobalSection(ProjectConfigurationPlatforms) = postSolution
		{A07EDA19-BBD9-4C17-BB7B-EFE39936E415}.Debug|Any CPU.ActiveCfg = Debug|Any CPU
		{A07EDA19-BBD9-4C17-BB7B-EFE39936E415}.Debug|Any CPU.Build.0 = Debug|Any CPU
		{A07EDA19-BBD9-4C17-BB7B-EFE39936E415}.Release|Any CPU.ActiveCfg = Release|Any CPU
		{A07EDA19-BBD9-4C17-BB7B-EFE39936E415}.Release|Any CPU.Build.0 = Release|Any CPU
	EndGlobalSection
	GlobalSection(SolutionProperties) = preSolution
		HideSolutionNode = FALSE
	EndGlobalSection
	GlobalSection(ExtensibilityGlobals) = postSolution
		SolutionGuid = {E6A98916-78F9-44B0-A747-FFBAA9435A67}
	EndGlobalSection
EndGlobal
